
Microsoft Visual Studio Solution File, Format Version 12.00
# Visual Studio Version 16
VisualStudioVersion = 16.0.32413.511
MinimumVisualStudioVersion = 10.0.40219.1
Project("{FAE04EC0-301F-11D3-BF4B-00C04F79EFBC}") = "TesteVosk", "TesteVosk.csproj", "{DA41A18D-DC58-4524-B7DF-C305C4D8F464}"
EndProject
Global
	GlobalSection(SolutionConfigurationPlatforms) = preSolution
		Debug|Any CPU = Debug|Any CPU
		Release|Any CPU = Release|Any CPU
	EndGlobalSection
	GlobalSection(ProjectConfigurationPlatforms) = postSolution
		{DA41A18D-DC58-4524-B7DF-C305C4D8F464}.Debug|Any CPU.ActiveCfg = Debug|Any CPU
		{DA41A18D-DC58-4524-B7DF-C305C4D8F464}.Debug|Any CPU.Build.0 = Debug|Any CPU
		{DA41A18D-DC58-4524-B7DF-C305C4D8F464}.Release|Any CPU.ActiveCfg = Release|Any CPU
		{DA41A18D-DC58-4524-B7DF-C305C4D8F464}.Release|Any CPU.Build.0 = Release|Any CPU
	EndGlobalSection
	GlobalSection(SolutionProperties) = preSolution
		HideSolutionNode = FALSE
	EndGlobalSection
	GlobalSection(ExtensibilityGlobals) = postSolution
		SolutionGuid = {7D47CD31-53DD-41E9-8E7D-770D5A627B64}
	EndGlobalSection
EndGlobal
